{
  "originHash" : "cd9b7012ba1a01eb4da35876e66c148bdd48bb4a837ffeb3bda7342081ac728e",
  "pins" : [
    {
      "identity" : "swiftuiflux",
      "kind" : "remoteSourceControl",
      "location" : "https://github.com/Dimillian/SwiftUIFlux",
      "state" : {
        "revision" : "a48dd509702797028fa103844008239dded85063",
        "version" : "0.5.1"
      }
    }
  ],
  "version" : 3
}
