// !$*UTF8*$!
{
	archiveVersion = 1;
	classes = {
	};
	objectVersion = 70;
	objects = {

/* Begin PBXBuildFile section */
		6902647322B6CE3200459C2E /* Keyword.swift in Sources */ = {isa = PBXBuildFile; fileRef = 6902647222B6CE3200459C2E /* Keyword.swift */; };
		6918454522BD7CB20011E742 /* Image.swift in Sources */ = {isa = PBXBuildFile; fileRef = 6918454422BD7CB20011E742 /* Image.swift */; };
		6918810122C2949800E2E253 /* American Captain.otf in Resources */ = {isa = PBXBuildFile; fileRef = 6918810022C2949800E2E253 /* American Captain.otf */; };
		691A788022C62D6C00BBB62E /* MovieUserMeta.swift in Sources */ = {isa = PBXBuildFile; fileRef = 691A787F22C62D6C00BBB62E /* MovieUserMeta.swift */; };
		691E82CF22B54B4800170CEA /* Genre.swift in Sources */ = {isa = PBXBuildFile; fileRef = 691E82CE22B54B4800170CEA /* Genre.swift */; };
		691E905722BF5A3D00AA23FE /* FHACondFrenchNC.otf in Resources */ = {isa = PBXBuildFile; fileRef = 691E905622BF5A3D00AA23FE /* FHACondFrenchNC.otf */; };
		691E905922BF5AE800AA23FE /* Font.swift in Sources */ = {isa = PBXBuildFile; fileRef = 691E905822BF5AE800AA23FE /* Font.swift */; };
		6924BA8A23EABE3F00CFEA54 /* Video.swift in Sources */ = {isa = PBXBuildFile; fileRef = 69E7DD4A23DF22BF00DEAEA9 /* Video.swift */; };
		69414A0F23C33FBE0056FBDF /* AppDelegate.swift in Sources */ = {isa = PBXBuildFile; fileRef = 69414A0E23C33FBE0056FBDF /* AppDelegate.swift */; };
		69414A1123C33FBE0056FBDF /* HomeView.swift in Sources */ = {isa = PBXBuildFile; fileRef = 69414A1023C33FBE0056FBDF /* HomeView.swift */; };
		69414A1323C33FC10056FBDF /* Assets.xcassets in Resources */ = {isa = PBXBuildFile; fileRef = 69414A1223C33FC10056FBDF /* Assets.xcassets */; };
		69414A1623C33FC10056FBDF /* Preview Assets.xcassets in Resources */ = {isa = PBXBuildFile; fileRef = 69414A1523C33FC10056FBDF /* Preview Assets.xcassets */; };
		69414A1923C33FC10056FBDF /* LaunchScreen.storyboard in Resources */ = {isa = PBXBuildFile; fileRef = 69414A1723C33FC10056FBDF /* LaunchScreen.storyboard */; };
		69414A2823C35BEA0056FBDF /* LoggingMiddleware.swift in Sources */ = {isa = PBXBuildFile; fileRef = 6953B50622D36A9900859723 /* LoggingMiddleware.swift */; };
		69414A2923C35BED0056FBDF /* MoviesActions.swift in Sources */ = {isa = PBXBuildFile; fileRef = 69FFAFAD22A9AB1D00801F3C /* MoviesActions.swift */; };
		69414A2A23C35BED0056FBDF /* PeopleActions.swift in Sources */ = {isa = PBXBuildFile; fileRef = 695882C622AD1AB500AFABA9 /* PeopleActions.swift */; };
		69414A2B23C35BF10056FBDF /* AppReducer.swift in Sources */ = {isa = PBXBuildFile; fileRef = 69FB11CA22C376D0002EB74A /* AppReducer.swift */; };
		69414A2C23C35BF10056FBDF /* MoviesReducer.swift in Sources */ = {isa = PBXBuildFile; fileRef = 69FFAFAB22A9AABB00801F3C /* MoviesReducer.swift */; };
		69414A2D23C35BF10056FBDF /* PeopleReducer.swift in Sources */ = {isa = PBXBuildFile; fileRef = 695882C422AD1A4400AFABA9 /* PeopleReducer.swift */; };
		69414A2E23C35BF40056FBDF /* AppState.swift in Sources */ = {isa = PBXBuildFile; fileRef = 69FB11C722C36B24002EB74A /* AppState.swift */; };
		69414A2F23C35BF40056FBDF /* MoviesState.swift in Sources */ = {isa = PBXBuildFile; fileRef = 69FFAFA922A9AA6500801F3C /* MoviesState.swift */; };
		69414A3023C35BF40056FBDF /* PeoplesState.swift in Sources */ = {isa = PBXBuildFile; fileRef = 695882C222AD1A1E00AFABA9 /* PeoplesState.swift */; };
		69414A3123C35BF70056FBDF /* Movie.swift in Sources */ = {isa = PBXBuildFile; fileRef = 69FFAF9A22A9A66200801F3C /* Movie.swift */; };
		69414A3223C35BF70056FBDF /* MovieUserMeta.swift in Sources */ = {isa = PBXBuildFile; fileRef = 691A787F22C62D6C00BBB62E /* MovieUserMeta.swift */; };
		69414A3323C35BF70056FBDF /* People.swift in Sources */ = {isa = PBXBuildFile; fileRef = 695882BE22AD197C00AFABA9 /* People.swift */; };
		69414A3423C35BF70056FBDF /* PaginatedResponse.swift in Sources */ = {isa = PBXBuildFile; fileRef = 69FFAF9C22A9A6D500801F3C /* PaginatedResponse.swift */; };
		69414A3523C35BF70056FBDF /* CastResponse.swift in Sources */ = {isa = PBXBuildFile; fileRef = 695882C022AD19EF00AFABA9 /* CastResponse.swift */; };
		69414A3623C35BF70056FBDF /* Genre.swift in Sources */ = {isa = PBXBuildFile; fileRef = 691E82CE22B54B4800170CEA /* Genre.swift */; };
		69414A3723C35BF70056FBDF /* Review.swift in Sources */ = {isa = PBXBuildFile; fileRef = 697C5C2122B6428E00BAE7B5 /* Review.swift */; };
		69414A3823C35BF70056FBDF /* Keyword.swift in Sources */ = {isa = PBXBuildFile; fileRef = 6902647222B6CE3200459C2E /* Keyword.swift */; };
		69414A3923C35BF70056FBDF /* CustomList.swift in Sources */ = {isa = PBXBuildFile; fileRef = 69DEA9A722B904CB00DFF551 /* CustomList.swift */; };
		69414A3A23C35BF70056FBDF /* Image.swift in Sources */ = {isa = PBXBuildFile; fileRef = 6918454422BD7CB20011E742 /* Image.swift */; };
		69414A3B23C35BF70056FBDF /* DiscoverFilter.swift in Sources */ = {isa = PBXBuildFile; fileRef = 696B43E622BF9E3D008B3D56 /* DiscoverFilter.swift */; };
		69414A3E23C35C1A0056FBDF /* CloudKit.framework in Frameworks */ = {isa = PBXBuildFile; fileRef = 69414A3D23C35C190056FBDF /* CloudKit.framework */; };
		69414A4023C35C1D0056FBDF /* SwiftUIFlux in Frameworks */ = {isa = PBXBuildFile; productRef = 69414A3F23C35C1D0056FBDF /* SwiftUIFlux */; };
		69414A4123C35C320056FBDF /* FjallaOne-Regular.ttf in Resources */ = {isa = PBXBuildFile; fileRef = 69FC640822C3A72F0043AB37 /* FjallaOne-Regular.ttf */; };
		69414A4223C35C320056FBDF /* American Captain.otf in Resources */ = {isa = PBXBuildFile; fileRef = 6918810022C2949800E2E253 /* American Captain.otf */; };
		69414A4323C35C320056FBDF /* FHACondFrenchNC.otf in Resources */ = {isa = PBXBuildFile; fileRef = 691E905622BF5A3D00AA23FE /* FHACondFrenchNC.otf */; };
		69414A4423C35C480056FBDF /* Color.swift in Sources */ = {isa = PBXBuildFile; fileRef = 695D55DC22B2316C00F4E68C /* Color.swift */; };
		69414A4523C35C480056FBDF /* Font.swift in Sources */ = {isa = PBXBuildFile; fileRef = 691E905822BF5AE800AA23FE /* Font.swift */; };
		69414A4623C35C480056FBDF /* ActionSheet.swift in Sources */ = {isa = PBXBuildFile; fileRef = 695F0F9122D490110066E168 /* ActionSheet.swift */; };
		69414A4823C35CD80056FBDF /* Collection.swift in Sources */ = {isa = PBXBuildFile; fileRef = 6953B51222D44F9E00859723 /* Collection.swift */; };
		69414A4A23C35D540056FBDF /* MoviesMenu.swift in Sources */ = {isa = PBXBuildFile; fileRef = 6993877122E64DE8007AA4E0 /* MoviesMenu.swift */; };
		69414A5623C360C90056FBDF /* MoviesView.swift in Sources */ = {isa = PBXBuildFile; fileRef = 69414A5523C360C90056FBDF /* MoviesView.swift */; };
		69414A5F23C360F50056FBDF /* MoviePosterImage.swift in Sources */ = {isa = PBXBuildFile; fileRef = 695D55DE22B2326800F4E68C /* MoviePosterImage.swift */; };
		69414A6023C3611B0056FBDF /* PosterStyle.swift in Sources */ = {isa = PBXBuildFile; fileRef = 69CD111C22D095AC00C5D89D /* PosterStyle.swift */; };
		6953B50722D36A9900859723 /* LoggingMiddleware.swift in Sources */ = {isa = PBXBuildFile; fileRef = 6953B50622D36A9900859723 /* LoggingMiddleware.swift */; };
		6953B51322D44F9E00859723 /* Collection.swift in Sources */ = {isa = PBXBuildFile; fileRef = 6953B51222D44F9E00859723 /* Collection.swift */; };
		695882BF22AD197C00AFABA9 /* People.swift in Sources */ = {isa = PBXBuildFile; fileRef = 695882BE22AD197C00AFABA9 /* People.swift */; };
		695882C122AD19EF00AFABA9 /* CastResponse.swift in Sources */ = {isa = PBXBuildFile; fileRef = 695882C022AD19EF00AFABA9 /* CastResponse.swift */; };
		695882C322AD1A1E00AFABA9 /* PeoplesState.swift in Sources */ = {isa = PBXBuildFile; fileRef = 695882C222AD1A1E00AFABA9 /* PeoplesState.swift */; };
		695882C522AD1A4400AFABA9 /* PeopleReducer.swift in Sources */ = {isa = PBXBuildFile; fileRef = 695882C422AD1A4400AFABA9 /* PeopleReducer.swift */; };
		695882C722AD1AB500AFABA9 /* PeopleActions.swift in Sources */ = {isa = PBXBuildFile; fileRef = 695882C622AD1AB500AFABA9 /* PeopleActions.swift */; };
		695D55DD22B2316C00F4E68C /* Color.swift in Sources */ = {isa = PBXBuildFile; fileRef = 695D55DC22B2316C00F4E68C /* Color.swift */; };
		695D55DF22B2326800F4E68C /* MoviePosterImage.swift in Sources */ = {isa = PBXBuildFile; fileRef = 695D55DE22B2326800F4E68C /* MoviePosterImage.swift */; };
		695F0F9222D490110066E168 /* ActionSheet.swift in Sources */ = {isa = PBXBuildFile; fileRef = 695F0F9122D490110066E168 /* ActionSheet.swift */; };
		696B43E722BF9E3D008B3D56 /* DiscoverFilter.swift in Sources */ = {isa = PBXBuildFile; fileRef = 696B43E622BF9E3D008B3D56 /* DiscoverFilter.swift */; };
		697C5C2222B6428E00BAE7B5 /* Review.swift in Sources */ = {isa = PBXBuildFile; fileRef = 697C5C2122B6428E00BAE7B5 /* Review.swift */; };
		6993877222E64DE8007AA4E0 /* MoviesMenu.swift in Sources */ = {isa = PBXBuildFile; fileRef = 6993877122E64DE8007AA4E0 /* MoviesMenu.swift */; };
		69A396A323C365E5003E165F /* MovieRow.swift in Sources */ = {isa = PBXBuildFile; fileRef = 69A396A223C365E5003E165F /* MovieRow.swift */; };
		69CD111D22D095AC00C5D89D /* PosterStyle.swift in Sources */ = {isa = PBXBuildFile; fileRef = 69CD111C22D095AC00C5D89D /* PosterStyle.swift */; };
		69D3321023ED608400C8A20C /* Backend in Frameworks */ = {isa = PBXBuildFile; productRef = 69D3320F23ED608400C8A20C /* Backend */; };
		69D3321223ED608400C8A20C /* UI in Frameworks */ = {isa = PBXBuildFile; productRef = 69D3321123ED608400C8A20C /* UI */; };
		69DEA9A822B904CB00DFF551 /* CustomList.swift in Sources */ = {isa = PBXBuildFile; fileRef = 69DEA9A722B904CB00DFF551 /* CustomList.swift */; };
		69E7DD4B23DF22BF00DEAEA9 /* Video.swift in Sources */ = {isa = PBXBuildFile; fileRef = 69E7DD4A23DF22BF00DEAEA9 /* Video.swift */; };
		69F336CD22EDA77500282CE3 /* CloudKit.framework in Frameworks */ = {isa = PBXBuildFile; fileRef = 69F336CC22EDA77500282CE3 /* CloudKit.framework */; };
		69FB11C822C36B24002EB74A /* AppState.swift in Sources */ = {isa = PBXBuildFile; fileRef = 69FB11C722C36B24002EB74A /* AppState.swift */; };
		69FB11CB22C376D0002EB74A /* AppReducer.swift in Sources */ = {isa = PBXBuildFile; fileRef = 69FB11CA22C376D0002EB74A /* AppReducer.swift */; };
		69FB7D7B22E7957200C55F01 /* SwiftUIFlux in Frameworks */ = {isa = PBXBuildFile; productRef = 69FB7D7A22E7957200C55F01 /* SwiftUIFlux */; };
		69FC640922C3A8620043AB37 /* FjallaOne-Regular.ttf in Resources */ = {isa = PBXBuildFile; fileRef = 69FC640822C3A72F0043AB37 /* FjallaOne-Regular.ttf */; };
		69FFAF9B22A9A66200801F3C /* Movie.swift in Sources */ = {isa = PBXBuildFile; fileRef = 69FFAF9A22A9A66200801F3C /* Movie.swift */; };
		69FFAF9D22A9A6D500801F3C /* PaginatedResponse.swift in Sources */ = {isa = PBXBuildFile; fileRef = 69FFAF9C22A9A6D500801F3C /* PaginatedResponse.swift */; };
		69FFAFAA22A9AA6500801F3C /* MoviesState.swift in Sources */ = {isa = PBXBuildFile; fileRef = 69FFAFA922A9AA6500801F3C /* MoviesState.swift */; };
		69FFAFAC22A9AABB00801F3C /* MoviesReducer.swift in Sources */ = {isa = PBXBuildFile; fileRef = 69FFAFAB22A9AABB00801F3C /* MoviesReducer.swift */; };
		69FFAFAE22A9AB1D00801F3C /* MoviesActions.swift in Sources */ = {isa = PBXBuildFile; fileRef = 69FFAFAD22A9AB1D00801F3C /* MoviesActions.swift */; };
/* End PBXBuildFile section */

/* Begin PBXCopyFilesBuildPhase section */
		69AB6C1722C3807500076871 /* Embed Frameworks */ = {
			isa = PBXCopyFilesBuildPhase;
			buildActionMask = 2147483647;
			dstPath = "";
			dstSubfolderSpec = 10;
			files = (
			);
			name = "Embed Frameworks";
			runOnlyForDeploymentPostprocessing = 0;
		};
/* End PBXCopyFilesBuildPhase section */

/* Begin PBXFileReference section */
		6902647222B6CE3200459C2E /* Keyword.swift */ = {isa = PBXFileReference; lastKnownFileType = sourcecode.swift; path = Keyword.swift; sourceTree = "<group>"; };
		6910C4D323ED5FF9008AE277 /* Backend */ = {isa = PBXFileReference; lastKnownFileType = folder; path = Backend; sourceTree = "<group>"; };
		6910C4D423ED5FF9008AE277 /* UI */ = {isa = PBXFileReference; lastKnownFileType = folder; path = UI; sourceTree = "<group>"; };
		6918454422BD7CB20011E742 /* Image.swift */ = {isa = PBXFileReference; lastKnownFileType = sourcecode.swift; path = Image.swift; sourceTree = "<group>"; };
		6918810022C2949800E2E253 /* American Captain.otf */ = {isa = PBXFileReference; lastKnownFileType = file; path = "American Captain.otf"; sourceTree = "<group>"; };
		691A787F22C62D6C00BBB62E /* MovieUserMeta.swift */ = {isa = PBXFileReference; lastKnownFileType = sourcecode.swift; path = MovieUserMeta.swift; sourceTree = "<group>"; };
		691E82CE22B54B4800170CEA /* Genre.swift */ = {isa = PBXFileReference; lastKnownFileType = sourcecode.swift; path = Genre.swift; sourceTree = "<group>"; };
		691E905622BF5A3D00AA23FE /* FHACondFrenchNC.otf */ = {isa = PBXFileReference; lastKnownFileType = file; path = FHACondFrenchNC.otf; sourceTree = "<group>"; };
		691E905822BF5AE800AA23FE /* Font.swift */ = {isa = PBXFileReference; lastKnownFileType = sourcecode.swift; path = Font.swift; sourceTree = "<group>"; };
		69414A0C23C33FBE0056FBDF /* MovieSwiftTV.app */ = {isa = PBXFileReference; explicitFileType = wrapper.application; includeInIndex = 0; path = MovieSwiftTV.app; sourceTree = BUILT_PRODUCTS_DIR; };
		69414A0E23C33FBE0056FBDF /* AppDelegate.swift */ = {isa = PBXFileReference; lastKnownFileType = sourcecode.swift; path = AppDelegate.swift; sourceTree = "<group>"; };
		69414A1023C33FBE0056FBDF /* HomeView.swift */ = {isa = PBXFileReference; lastKnownFileType = sourcecode.swift; path = HomeView.swift; sourceTree = "<group>"; };
		69414A1223C33FC10056FBDF /* Assets.xcassets */ = {isa = PBXFileReference; lastKnownFileType = folder.assetcatalog; path = Assets.xcassets; sourceTree = "<group>"; };
		69414A1523C33FC10056FBDF /* Preview Assets.xcassets */ = {isa = PBXFileReference; lastKnownFileType = folder.assetcatalog; path = "Preview Assets.xcassets"; sourceTree = "<group>"; };
		69414A1823C33FC10056FBDF /* Base */ = {isa = PBXFileReference; lastKnownFileType = file.storyboard; name = Base; path = Base.lproj/LaunchScreen.storyboard; sourceTree = "<group>"; };
		69414A1A23C33FC10056FBDF /* Info.plist */ = {isa = PBXFileReference; lastKnownFileType = text.plist.xml; path = Info.plist; sourceTree = "<group>"; };
		69414A3D23C35C190056FBDF /* CloudKit.framework */ = {isa = PBXFileReference; lastKnownFileType = wrapper.framework; name = CloudKit.framework; path = Platforms/AppleTVOS.platform/Developer/SDKs/AppleTVOS13.2.sdk/System/Library/Frameworks/CloudKit.framework; sourceTree = DEVELOPER_DIR; };
		69414A5523C360C90056FBDF /* MoviesView.swift */ = {isa = PBXFileReference; lastKnownFileType = sourcecode.swift; path = MoviesView.swift; sourceTree = "<group>"; };
		6953B50622D36A9900859723 /* LoggingMiddleware.swift */ = {isa = PBXFileReference; lastKnownFileType = sourcecode.swift; path = LoggingMiddleware.swift; sourceTree = "<group>"; };
		6953B51222D44F9E00859723 /* Collection.swift */ = {isa = PBXFileReference; lastKnownFileType = sourcecode.swift; path = Collection.swift; sourceTree = "<group>"; };
		695882BE22AD197C00AFABA9 /* People.swift */ = {isa = PBXFileReference; lastKnownFileType = sourcecode.swift; path = People.swift; sourceTree = "<group>"; };
		695882C022AD19EF00AFABA9 /* CastResponse.swift */ = {isa = PBXFileReference; lastKnownFileType = sourcecode.swift; path = CastResponse.swift; sourceTree = "<group>"; };
		695882C222AD1A1E00AFABA9 /* PeoplesState.swift */ = {isa = PBXFileReference; lastKnownFileType = sourcecode.swift; path = PeoplesState.swift; sourceTree = "<group>"; };
		695882C422AD1A4400AFABA9 /* PeopleReducer.swift */ = {isa = PBXFileReference; lastKnownFileType = sourcecode.swift; path = PeopleReducer.swift; sourceTree = "<group>"; };
		695882C622AD1AB500AFABA9 /* PeopleActions.swift */ = {isa = PBXFileReference; lastKnownFileType = sourcecode.swift; path = PeopleActions.swift; sourceTree = "<group>"; };
		695D55DC22B2316C00F4E68C /* Color.swift */ = {isa = PBXFileReference; lastKnownFileType = sourcecode.swift; path = Color.swift; sourceTree = "<group>"; };
		695D55DE22B2326800F4E68C /* MoviePosterImage.swift */ = {isa = PBXFileReference; lastKnownFileType = sourcecode.swift; path = MoviePosterImage.swift; sourceTree = "<group>"; };
		695F0F9122D490110066E168 /* ActionSheet.swift */ = {isa = PBXFileReference; lastKnownFileType = sourcecode.swift; path = ActionSheet.swift; sourceTree = "<group>"; };
		696B43E622BF9E3D008B3D56 /* DiscoverFilter.swift */ = {isa = PBXFileReference; lastKnownFileType = sourcecode.swift; path = DiscoverFilter.swift; sourceTree = "<group>"; };
		697C5C2122B6428E00BAE7B5 /* Review.swift */ = {isa = PBXFileReference; lastKnownFileType = sourcecode.swift; path = Review.swift; sourceTree = "<group>"; };
		6993877122E64DE8007AA4E0 /* MoviesMenu.swift */ = {isa = PBXFileReference; fileEncoding = 4; lastKnownFileType = sourcecode.swift; path = MoviesMenu.swift; sourceTree = "<group>"; };
		69A396A223C365E5003E165F /* MovieRow.swift */ = {isa = PBXFileReference; lastKnownFileType = sourcecode.swift; path = MovieRow.swift; sourceTree = "<group>"; };
		69CD111C22D095AC00C5D89D /* PosterStyle.swift */ = {isa = PBXFileReference; lastKnownFileType = sourcecode.swift; path = PosterStyle.swift; sourceTree = "<group>"; };
		69DEA9A722B904CB00DFF551 /* CustomList.swift */ = {isa = PBXFileReference; lastKnownFileType = sourcecode.swift; path = CustomList.swift; sourceTree = "<group>"; };
		69E7DD4A23DF22BF00DEAEA9 /* Video.swift */ = {isa = PBXFileReference; lastKnownFileType = sourcecode.swift; path = Video.swift; sourceTree = "<group>"; };
		69F336CC22EDA77500282CE3 /* CloudKit.framework */ = {isa = PBXFileReference; lastKnownFileType = wrapper.framework; name = CloudKit.framework; path = System/Library/Frameworks/CloudKit.framework; sourceTree = SDKROOT; };
		69FB11C722C36B24002EB74A /* AppState.swift */ = {isa = PBXFileReference; lastKnownFileType = sourcecode.swift; path = AppState.swift; sourceTree = "<group>"; };
		69FB11CA22C376D0002EB74A /* AppReducer.swift */ = {isa = PBXFileReference; lastKnownFileType = sourcecode.swift; path = AppReducer.swift; sourceTree = "<group>"; };
		69FC640822C3A72F0043AB37 /* FjallaOne-Regular.ttf */ = {isa = PBXFileReference; lastKnownFileType = file; path = "FjallaOne-Regular.ttf"; sourceTree = "<group>"; };
		69FFAF7C22A99F1100801F3C /* MovieSwift.app */ = {isa = PBXFileReference; explicitFileType = wrapper.application; includeInIndex = 0; path = MovieSwift.app; sourceTree = BUILT_PRODUCTS_DIR; };
		69FFAF9A22A9A66200801F3C /* Movie.swift */ = {isa = PBXFileReference; lastKnownFileType = sourcecode.swift; path = Movie.swift; sourceTree = "<group>"; };
		69FFAF9C22A9A6D500801F3C /* PaginatedResponse.swift */ = {isa = PBXFileReference; lastKnownFileType = sourcecode.swift; path = PaginatedResponse.swift; sourceTree = "<group>"; };
		69FFAFA922A9AA6500801F3C /* MoviesState.swift */ = {isa = PBXFileReference; lastKnownFileType = sourcecode.swift; path = MoviesState.swift; sourceTree = "<group>"; };
		69FFAFAB22A9AABB00801F3C /* MoviesReducer.swift */ = {isa = PBXFileReference; lastKnownFileType = sourcecode.swift; path = MoviesReducer.swift; sourceTree = "<group>"; };
		69FFAFAD22A9AB1D00801F3C /* MoviesActions.swift */ = {isa = PBXFileReference; lastKnownFileType = sourcecode.swift; path = MoviesActions.swift; sourceTree = "<group>"; };
/* End PBXFileReference section */

/* Begin PBXFileSystemSynchronizedBuildFileExceptionSet section */
		8003A3B02E428A2D004EA635 /* PBXFileSystemSynchronizedBuildFileExceptionSet */ = {
			isa = PBXFileSystemSynchronizedBuildFileExceptionSet;
			membershipExceptions = (
				Info.plist,
			);
			target = 69FFAF7B22A99F1100801F3C /* MovieSwift */;
		};
/* End PBXFileSystemSynchronizedBuildFileExceptionSet section */

/* Begin PBXFileSystemSynchronizedRootGroup section */
		8003A3712E428A2D004EA635 /* MovieSwift */ = {isa = PBXFileSystemSynchronizedRootGroup; exceptions = (8003A3B02E428A2D004EA635 /* PBXFileSystemSynchronizedBuildFileExceptionSet */, ); explicitFileTypes = {}; explicitFolders = (); path = MovieSwift; sourceTree = "<group>"; };
/* End PBXFileSystemSynchronizedRootGroup section */

/* Begin PBXFrameworksBuildPhase section */
		69414A0923C33FBE0056FBDF /* Frameworks */ = {
			isa = PBXFrameworksBuildPhase;
			buildActionMask = 2147483647;
			files = (
				69414A3E23C35C1A0056FBDF /* CloudKit.framework in Frameworks */,
				69414A4023C35C1D0056FBDF /* SwiftUIFlux in Frameworks */,
			);
			runOnlyForDeploymentPostprocessing = 0;
		};
		69FFAF7922A99F1100801F3C /* Frameworks */ = {
			isa = PBXFrameworksBuildPhase;
			buildActionMask = 2147483647;
			files = (
				69D3321223ED608400C8A20C /* UI in Frameworks */,
				69D3321023ED608400C8A20C /* Backend in Frameworks */,
				69FB7D7B22E7957200C55F01 /* SwiftUIFlux in Frameworks */,
				69F336CD22EDA77500282CE3 /* CloudKit.framework in Frameworks */,
			);
			runOnlyForDeploymentPostprocessing = 0;
		};
/* End PBXFrameworksBuildPhase section */

/* Begin PBXGroup section */
		691E905522BF5A3D00AA23FE /* fonts */ = {
			isa = PBXGroup;
			children = (
				69FC640822C3A72F0043AB37 /* FjallaOne-Regular.ttf */,
				6918810022C2949800E2E253 /* American Captain.otf */,
				691E905622BF5A3D00AA23FE /* FHACondFrenchNC.otf */,
			);
			path = fonts;
			sourceTree = "<group>";
		};
		69305F6322CFBF9900C4FE07 /* Frameworks */ = {
			isa = PBXGroup;
			children = (
				69414A3D23C35C190056FBDF /* CloudKit.framework */,
				69F336CC22EDA77500282CE3 /* CloudKit.framework */,
			);
			name = Frameworks;
			sourceTree = "<group>";
		};
		69414A0D23C33FBE0056FBDF /* MovieSwiftTV */ = {
			isa = PBXGroup;
			children = (
				69414A0E23C33FBE0056FBDF /* AppDelegate.swift */,
				69414A5223C35F6C0056FBDF /* views */,
				69414A1223C33FC10056FBDF /* Assets.xcassets */,
				69414A1723C33FC10056FBDF /* LaunchScreen.storyboard */,
				69414A1A23C33FC10056FBDF /* Info.plist */,
				69414A1423C33FC10056FBDF /* Preview Content */,
			);
			path = MovieSwiftTV;
			sourceTree = "<group>";
		};
		69414A1423C33FC10056FBDF /* Preview Content */ = {
			isa = PBXGroup;
			children = (
				69414A1523C33FC10056FBDF /* Preview Assets.xcassets */,
			);
			path = "Preview Content";
			sourceTree = "<group>";
		};
		69414A2423C35BBB0056FBDF /* Shared */ = {
			isa = PBXGroup;
			children = (
				69414A4B23C35D5D0056FBDF /* views */,
				695D55DB22B2315F00F4E68C /* extensions */,
				691E905522BF5A3D00AA23FE /* fonts */,
				69FFAF9522A9A0E300801F3C /* flux */,
			);
			path = Shared;
			sourceTree = "<group>";
		};
		69414A4B23C35D5D0056FBDF /* views */ = {
			isa = PBXGroup;
			children = (
				69CD111B22D0959C00C5D89D /* modifiers */,
				695D55DE22B2326800F4E68C /* MoviePosterImage.swift */,
				6993877122E64DE8007AA4E0 /* MoviesMenu.swift */,
			);
			path = views;
			sourceTree = "<group>";
		};
		69414A5223C35F6C0056FBDF /* views */ = {
			isa = PBXGroup;
			children = (
				69414A1023C33FBE0056FBDF /* HomeView.swift */,
				69414A5523C360C90056FBDF /* MoviesView.swift */,
				69A396A223C365E5003E165F /* MovieRow.swift */,
			);
			path = views;
			sourceTree = "<group>";
		};
		6953B50522D36A7700859723 /* middlewares */ = {
			isa = PBXGroup;
			children = (
				6953B50622D36A9900859723 /* LoggingMiddleware.swift */,
			);
			path = middlewares;
			sourceTree = "<group>";
		};
		695D55DB22B2315F00F4E68C /* extensions */ = {
			isa = PBXGroup;
			children = (
				6953B51222D44F9E00859723 /* Collection.swift */,
				695D55DC22B2316C00F4E68C /* Color.swift */,
				691E905822BF5AE800AA23FE /* Font.swift */,
				695F0F9122D490110066E168 /* ActionSheet.swift */,
			);
			path = extensions;
			sourceTree = "<group>";
		};
		69CD111B22D0959C00C5D89D /* modifiers */ = {
			isa = PBXGroup;
			children = (
				69CD111C22D095AC00C5D89D /* PosterStyle.swift */,
			);
			path = modifiers;
			sourceTree = "<group>";
		};
		69D3320E23ED605500C8A20C /* Packages */ = {
			isa = PBXGroup;
			children = (
				6910C4D323ED5FF9008AE277 /* Backend */,
				6910C4D423ED5FF9008AE277 /* UI */,
			);
			path = Packages;
			sourceTree = "<group>";
		};
		69FFAF7322A99F1100801F3C = {
			isa = PBXGroup;
			children = (
				8003A3712E428A2D004EA635 /* MovieSwift */,
				69414A0D23C33FBE0056FBDF /* MovieSwiftTV */,
				69414A2423C35BBB0056FBDF /* Shared */,
				69D3320E23ED605500C8A20C /* Packages */,
				69FFAF7D22A99F1100801F3C /* Products */,
				69305F6322CFBF9900C4FE07 /* Frameworks */,
			);
			sourceTree = "<group>";
		};
		69FFAF7D22A99F1100801F3C /* Products */ = {
			isa = PBXGroup;
			children = (
				69FFAF7C22A99F1100801F3C /* MovieSwift.app */,
				69414A0C23C33FBE0056FBDF /* MovieSwiftTV.app */,
			);
			name = Products;
			sourceTree = "<group>";
		};
		69FFAF9522A9A0E300801F3C /* flux */ = {
			isa = PBXGroup;
			children = (
				6953B50522D36A7700859723 /* middlewares */,
				69FFAFA222A9AA1E00801F3C /* actions */,
				69FFAF9F22A9A9E600801F3C /* reducers */,
				69FFAF9E22A9A9D400801F3C /* state */,
				69FFAF9922A9A1AE00801F3C /* models */,
			);
			path = flux;
			sourceTree = "<group>";
		};
		69FFAF9922A9A1AE00801F3C /* models */ = {
			isa = PBXGroup;
			children = (
				69FFAF9A22A9A66200801F3C /* Movie.swift */,
				691A787F22C62D6C00BBB62E /* MovieUserMeta.swift */,
				695882BE22AD197C00AFABA9 /* People.swift */,
				69FFAF9C22A9A6D500801F3C /* PaginatedResponse.swift */,
				695882C022AD19EF00AFABA9 /* CastResponse.swift */,
				691E82CE22B54B4800170CEA /* Genre.swift */,
				697C5C2122B6428E00BAE7B5 /* Review.swift */,
				6902647222B6CE3200459C2E /* Keyword.swift */,
				69DEA9A722B904CB00DFF551 /* CustomList.swift */,
				6918454422BD7CB20011E742 /* Image.swift */,
				696B43E622BF9E3D008B3D56 /* DiscoverFilter.swift */,
				69E7DD4A23DF22BF00DEAEA9 /* Video.swift */,
			);
			path = models;
			sourceTree = "<group>";
		};
		69FFAF9E22A9A9D400801F3C /* state */ = {
			isa = PBXGroup;
			children = (
				69FB11C722C36B24002EB74A /* AppState.swift */,
				69FFAFA922A9AA6500801F3C /* MoviesState.swift */,
				695882C222AD1A1E00AFABA9 /* PeoplesState.swift */,
			);
			path = state;
			sourceTree = "<group>";
		};
		69FFAF9F22A9A9E600801F3C /* reducers */ = {
			isa = PBXGroup;
			children = (
				69FB11CA22C376D0002EB74A /* AppReducer.swift */,
				69FFAFAB22A9AABB00801F3C /* MoviesReducer.swift */,
				695882C422AD1A4400AFABA9 /* PeopleReducer.swift */,
			);
			path = reducers;
			sourceTree = "<group>";
		};
		69FFAFA222A9AA1E00801F3C /* actions */ = {
			isa = PBXGroup;
			children = (
				69FFAFAD22A9AB1D00801F3C /* MoviesActions.swift */,
				695882C622AD1AB500AFABA9 /* PeopleActions.swift */,
			);
			path = actions;
			sourceTree = "<group>";
		};
/* End PBXGroup section */

/* Begin PBXNativeTarget section */
		69414A0B23C33FBE0056FBDF /* MovieSwiftTV */ = {
			isa = PBXNativeTarget;
			buildConfigurationList = 69414A1D23C33FC10056FBDF /* Build configuration list for PBXNativeTarget "MovieSwiftTV" */;
			buildPhases = (
				69414A0823C33FBE0056FBDF /* Sources */,
				69414A0923C33FBE0056FBDF /* Frameworks */,
				69414A0A23C33FBE0056FBDF /* Resources */,
			);
			buildRules = (
			);
			dependencies = (
			);
			name = MovieSwiftTV;
			packageProductDependencies = (
				69414A3F23C35C1D0056FBDF /* SwiftUIFlux */,
			);
			productName = MovieSwiftTV;
			productReference = 69414A0C23C33FBE0056FBDF /* MovieSwiftTV.app */;
			productType = "com.apple.product-type.application";
		};
		69FFAF7B22A99F1100801F3C /* MovieSwift */ = {
			isa = PBXNativeTarget;
			buildConfigurationList = 69FFAF9022A99F1200801F3C /* Build configuration list for PBXNativeTarget "MovieSwift" */;
			buildPhases = (
				69FFAF7822A99F1100801F3C /* Sources */,
				69FFAF7922A99F1100801F3C /* Frameworks */,
				69FFAF7A22A99F1100801F3C /* Resources */,
				69AB6C1722C3807500076871 /* Embed Frameworks */,
			);
			buildRules = (
			);
			dependencies = (
			);
			fileSystemSynchronizedGroups = (
				8003A3712E428A2D004EA635 /* MovieSwift */,
			);
			name = MovieSwift;
			packageProductDependencies = (
				69FB7D7A22E7957200C55F01 /* SwiftUIFlux */,
				69D3320F23ED608400C8A20C /* Backend */,
				69D3321123ED608400C8A20C /* UI */,
			);
			productName = MovieSwift;
			productReference = 69FFAF7C22A99F1100801F3C /* MovieSwift.app */;
			productType = "com.apple.product-type.application";
		};
/* End PBXNativeTarget section */

/* Begin PBXProject section */
		69FFAF7422A99F1100801F3C /* Project object */ = {
			isa = PBXProject;
			attributes = {
				LastSwiftUpdateCheck = 1130;
				LastUpgradeCheck = 1200;
				ORGANIZATIONNAME = "Thomas Ricouard";
				TargetAttributes = {
					69414A0B23C33FBE0056FBDF = {
						CreatedOnToolsVersion = 11.3;
					};
					69FFAF7B22A99F1100801F3C = {
						CreatedOnToolsVersion = 11.0;
					};
				};
			};
			buildConfigurationList = 69FFAF7722A99F1100801F3C /* Build configuration list for PBXProject "MovieSwift" */;
			compatibilityVersion = "Xcode 9.3";
			developmentRegion = en;
			hasScannedForEncodings = 0;
			knownRegions = (
				en,
				Base,
			);
			mainGroup = 69FFAF7322A99F1100801F3C;
			packageReferences = (
				69FB7D7922E7957200C55F01 /* XCRemoteSwiftPackageReference "SwiftUIFlux" */,
			);
			productRefGroup = 69FFAF7D22A99F1100801F3C /* Products */;
			projectDirPath = "";
			projectRoot = "";
			targets = (
				69FFAF7B22A99F1100801F3C /* MovieSwift */,
				69414A0B23C33FBE0056FBDF /* MovieSwiftTV */,
			);
		};
/* End PBXProject section */

/* Begin PBXResourcesBuildPhase section */
		69414A0A23C33FBE0056FBDF /* Resources */ = {
			isa = PBXResourcesBuildPhase;
			buildActionMask = 2147483647;
			files = (
				69414A4123C35C320056FBDF /* FjallaOne-Regular.ttf in Resources */,
				69414A1923C33FC10056FBDF /* LaunchScreen.storyboard in Resources */,
				69414A4323C35C320056FBDF /* FHACondFrenchNC.otf in Resources */,
				69414A4223C35C320056FBDF /* American Captain.otf in Resources */,
				69414A1623C33FC10056FBDF /* Preview Assets.xcassets in Resources */,
				69414A1323C33FC10056FBDF /* Assets.xcassets in Resources */,
			);
			runOnlyForDeploymentPostprocessing = 0;
		};
		69FFAF7A22A99F1100801F3C /* Resources */ = {
			isa = PBXResourcesBuildPhase;
			buildActionMask = 2147483647;
			files = (
				691E905722BF5A3D00AA23FE /* FHACondFrenchNC.otf in Resources */,
				69FC640922C3A8620043AB37 /* FjallaOne-Regular.ttf in Resources */,
				6918810122C2949800E2E253 /* American Captain.otf in Resources */,
			);
			runOnlyForDeploymentPostprocessing = 0;
		};
/* End PBXResourcesBuildPhase section */

/* Begin PBXSourcesBuildPhase section */
		69414A0823C33FBE0056FBDF /* Sources */ = {
			isa = PBXSourcesBuildPhase;
			buildActionMask = 2147483647;
			files = (
				69414A3123C35BF70056FBDF /* Movie.swift in Sources */,
				69414A3423C35BF70056FBDF /* PaginatedResponse.swift in Sources */,
				69414A3A23C35BF70056FBDF /* Image.swift in Sources */,
				69414A4A23C35D540056FBDF /* MoviesMenu.swift in Sources */,
				69414A4623C35C480056FBDF /* ActionSheet.swift in Sources */,
				69A396A323C365E5003E165F /* MovieRow.swift in Sources */,
				69414A3223C35BF70056FBDF /* MovieUserMeta.swift in Sources */,
				69414A3B23C35BF70056FBDF /* DiscoverFilter.swift in Sources */,
				69414A2F23C35BF40056FBDF /* MoviesState.swift in Sources */,
				69414A2923C35BED0056FBDF /* MoviesActions.swift in Sources */,
				69414A3723C35BF70056FBDF /* Review.swift in Sources */,
				69414A1123C33FBE0056FBDF /* HomeView.swift in Sources */,
				69414A3823C35BF70056FBDF /* Keyword.swift in Sources */,
				69414A3923C35BF70056FBDF /* CustomList.swift in Sources */,
				69414A0F23C33FBE0056FBDF /* AppDelegate.swift in Sources */,
				69414A3623C35BF70056FBDF /* Genre.swift in Sources */,
				69414A2D23C35BF10056FBDF /* PeopleReducer.swift in Sources */,
				69414A2E23C35BF40056FBDF /* AppState.swift in Sources */,
				69414A4423C35C480056FBDF /* Color.swift in Sources */,
				6924BA8A23EABE3F00CFEA54 /* Video.swift in Sources */,
				69414A2823C35BEA0056FBDF /* LoggingMiddleware.swift in Sources */,
				69414A5F23C360F50056FBDF /* MoviePosterImage.swift in Sources */,
				69414A4823C35CD80056FBDF /* Collection.swift in Sources */,
				69414A2B23C35BF10056FBDF /* AppReducer.swift in Sources */,
				69414A5623C360C90056FBDF /* MoviesView.swift in Sources */,
				69414A3323C35BF70056FBDF /* People.swift in Sources */,
				69414A6023C3611B0056FBDF /* PosterStyle.swift in Sources */,
				69414A3023C35BF40056FBDF /* PeoplesState.swift in Sources */,
				69414A4523C35C480056FBDF /* Font.swift in Sources */,
				69414A3523C35BF70056FBDF /* CastResponse.swift in Sources */,
				69414A2A23C35BED0056FBDF /* PeopleActions.swift in Sources */,
				69414A2C23C35BF10056FBDF /* MoviesReducer.swift in Sources */,
			);
			runOnlyForDeploymentPostprocessing = 0;
		};
		69FFAF7822A99F1100801F3C /* Sources */ = {
			isa = PBXSourcesBuildPhase;
			buildActionMask = 2147483647;
			files = (
				695D55DD22B2316C00F4E68C /* Color.swift in Sources */,
				6953B50722D36A9900859723 /* LoggingMiddleware.swift in Sources */,
				6953B51322D44F9E00859723 /* Collection.swift in Sources */,
				695F0F9222D490110066E168 /* ActionSheet.swift in Sources */,
				69DEA9A822B904CB00DFF551 /* CustomList.swift in Sources */,
				695882C122AD19EF00AFABA9 /* CastResponse.swift in Sources */,
				691E905922BF5AE800AA23FE /* Font.swift in Sources */,
				69FFAF9D22A9A6D500801F3C /* PaginatedResponse.swift in Sources */,
				695882C722AD1AB500AFABA9 /* PeopleActions.swift in Sources */,
				696B43E722BF9E3D008B3D56 /* DiscoverFilter.swift in Sources */,
				6993877222E64DE8007AA4E0 /* MoviesMenu.swift in Sources */,
				691A788022C62D6C00BBB62E /* MovieUserMeta.swift in Sources */,
				69FFAFAC22A9AABB00801F3C /* MoviesReducer.swift in Sources */,
				697C5C2222B6428E00BAE7B5 /* Review.swift in Sources */,
				69CD111D22D095AC00C5D89D /* PosterStyle.swift in Sources */,
				6902647322B6CE3200459C2E /* Keyword.swift in Sources */,
				6918454522BD7CB20011E742 /* Image.swift in Sources */,
				69FB11CB22C376D0002EB74A /* AppReducer.swift in Sources */,
				69FFAFAA22A9AA6500801F3C /* MoviesState.swift in Sources */,
				69E7DD4B23DF22BF00DEAEA9 /* Video.swift in Sources */,
				695882BF22AD197C00AFABA9 /* People.swift in Sources */,
				69FB11C822C36B24002EB74A /* AppState.swift in Sources */,
				69FFAF9B22A9A66200801F3C /* Movie.swift in Sources */,
				691E82CF22B54B4800170CEA /* Genre.swift in Sources */,
				695882C522AD1A4400AFABA9 /* PeopleReducer.swift in Sources */,
				69FFAFAE22A9AB1D00801F3C /* MoviesActions.swift in Sources */,
				695D55DF22B2326800F4E68C /* MoviePosterImage.swift in Sources */,
				695882C322AD1A1E00AFABA9 /* PeoplesState.swift in Sources */,
			);
			runOnlyForDeploymentPostprocessing = 0;
		};
/* End PBXSourcesBuildPhase section */

/* Begin PBXVariantGroup section */
		69414A1723C33FC10056FBDF /* LaunchScreen.storyboard */ = {
			isa = PBXVariantGroup;
			children = (
				69414A1823C33FC10056FBDF /* Base */,
			);
			name = LaunchScreen.storyboard;
			sourceTree = "<group>";
		};
/* End PBXVariantGroup section */

/* Begin XCBuildConfiguration section */
		69414A1B23C33FC10056FBDF /* Debug */ = {
			isa = XCBuildConfiguration;
			buildSettings = {
				ASSETCATALOG_COMPILER_APPICON_NAME = "App Icon & Top Shelf Image";
				CODE_SIGN_STYLE = Automatic;
				DEVELOPMENT_ASSET_PATHS = "\"MovieSwiftTV/Preview Content\"";
				DEVELOPMENT_TEAM = Z6P74P6T99;
				ENABLE_PREVIEWS = YES;
				INFOPLIST_FILE = MovieSwiftTV/Info.plist;
				LD_RUNPATH_SEARCH_PATHS = (
					"$(inherited)",
					"@executable_path/Frameworks",
				);
				PRODUCT_BUNDLE_IDENTIFIER = com.thomasricouard.MovieSwiftTV;
				PRODUCT_NAME = "$(TARGET_NAME)";
				SDKROOT = appletvos;
				SWIFT_VERSION = 5.0;
				TARGETED_DEVICE_FAMILY = 3;
				TVOS_DEPLOYMENT_TARGET = 13.2;
			};
			name = Debug;
		};
		69414A1C23C33FC10056FBDF /* Release */ = {
			isa = XCBuildConfiguration;
			buildSettings = {
				ASSETCATALOG_COMPILER_APPICON_NAME = "App Icon & Top Shelf Image";
				CODE_SIGN_STYLE = Automatic;
				DEVELOPMENT_ASSET_PATHS = "\"MovieSwiftTV/Preview Content\"";
				DEVELOPMENT_TEAM = Z6P74P6T99;
				ENABLE_PREVIEWS = YES;
				INFOPLIST_FILE = MovieSwiftTV/Info.plist;
				LD_RUNPATH_SEARCH_PATHS = (
					"$(inherited)",
					"@executable_path/Frameworks",
				);
				PRODUCT_BUNDLE_IDENTIFIER = com.thomasricouard.MovieSwiftTV;
				PRODUCT_NAME = "$(TARGET_NAME)";
				SDKROOT = appletvos;
				SWIFT_VERSION = 5.0;
				TARGETED_DEVICE_FAMILY = 3;
				TVOS_DEPLOYMENT_TARGET = 13.2;
			};
			name = Release;
		};
		69FFAF8E22A99F1200801F3C /* Debug */ = {
			isa = XCBuildConfiguration;
			buildSettings = {
				ALWAYS_SEARCH_USER_PATHS = NO;
				CLANG_ANALYZER_NONNULL = YES;
				CLANG_ANALYZER_NUMBER_OBJECT_CONVERSION = YES_AGGRESSIVE;
				CLANG_CXX_LANGUAGE_STANDARD = "gnu++14";
				CLANG_CXX_LIBRARY = "libc++";
				CLANG_ENABLE_MODULES = YES;
				CLANG_ENABLE_OBJC_ARC = YES;
				CLANG_ENABLE_OBJC_WEAK = YES;
				CLANG_WARN_BLOCK_CAPTURE_AUTORELEASING = YES;
				CLANG_WARN_BOOL_CONVERSION = YES;
				CLANG_WARN_COMMA = YES;
				CLANG_WARN_CONSTANT_CONVERSION = YES;
				CLANG_WARN_DEPRECATED_OBJC_IMPLEMENTATIONS = YES;
				CLANG_WARN_DIRECT_OBJC_ISA_USAGE = YES_ERROR;
				CLANG_WARN_DOCUMENTATION_COMMENTS = YES;
				CLANG_WARN_EMPTY_BODY = YES;
				CLANG_WARN_ENUM_CONVERSION = YES;
				CLANG_WARN_INFINITE_RECURSION = YES;
				CLANG_WARN_INT_CONVERSION = YES;
				CLANG_WARN_NON_LITERAL_NULL_CONVERSION = YES;
				CLANG_WARN_OBJC_IMPLICIT_RETAIN_SELF = YES;
				CLANG_WARN_OBJC_LITERAL_CONVERSION = YES;
				CLANG_WARN_OBJC_ROOT_CLASS = YES_ERROR;
				CLANG_WARN_QUOTED_INCLUDE_IN_FRAMEWORK_HEADER = YES;
				CLANG_WARN_RANGE_LOOP_ANALYSIS = YES;
				CLANG_WARN_STRICT_PROTOTYPES = YES;
				CLANG_WARN_SUSPICIOUS_MOVE = YES;
				CLANG_WARN_UNGUARDED_AVAILABILITY = YES_AGGRESSIVE;
				CLANG_WARN_UNREACHABLE_CODE = YES;
				CLANG_WARN__DUPLICATE_METHOD_MATCH = YES;
				COPY_PHASE_STRIP = NO;
				DEBUG_INFORMATION_FORMAT = dwarf;
				ENABLE_STRICT_OBJC_MSGSEND = YES;
				ENABLE_TESTABILITY = YES;
				GCC_C_LANGUAGE_STANDARD = gnu11;
				GCC_DYNAMIC_NO_PIC = NO;
				GCC_NO_COMMON_BLOCKS = YES;
				GCC_OPTIMIZATION_LEVEL = 0;
				GCC_PREPROCESSOR_DEFINITIONS = (
					"DEBUG=1",
					"$(inherited)",
				);
				GCC_WARN_64_TO_32_BIT_CONVERSION = YES;
				GCC_WARN_ABOUT_RETURN_TYPE = YES_ERROR;
				GCC_WARN_UNDECLARED_SELECTOR = YES;
				GCC_WARN_UNINITIALIZED_AUTOS = YES_AGGRESSIVE;
				GCC_WARN_UNUSED_FUNCTION = YES;
				GCC_WARN_UNUSED_VARIABLE = YES;
				IPHONEOS_DEPLOYMENT_TARGET = 13.0;
				MTL_ENABLE_DEBUG_INFO = INCLUDE_SOURCE;
				MTL_FAST_MATH = YES;
				ONLY_ACTIVE_ARCH = YES;
				SDKROOT = iphoneos;
				SWIFT_ACTIVE_COMPILATION_CONDITIONS = DEBUG;
				SWIFT_OPTIMIZATION_LEVEL = "-Onone";
			};
			name = Debug;
		};
		69FFAF8F22A99F1200801F3C /* Release */ = {
			isa = XCBuildConfiguration;
			buildSettings = {
				ALWAYS_SEARCH_USER_PATHS = NO;
				CLANG_ANALYZER_NONNULL = YES;
				CLANG_ANALYZER_NUMBER_OBJECT_CONVERSION = YES_AGGRESSIVE;
				CLANG_CXX_LANGUAGE_STANDARD = "gnu++14";
				CLANG_CXX_LIBRARY = "libc++";
				CLANG_ENABLE_MODULES = YES;
				CLANG_ENABLE_OBJC_ARC = YES;
				CLANG_ENABLE_OBJC_WEAK = YES;
				CLANG_WARN_BLOCK_CAPTURE_AUTORELEASING = YES;
				CLANG_WARN_BOOL_CONVERSION = YES;
				CLANG_WARN_COMMA = YES;
				CLANG_WARN_CONSTANT_CONVERSION = YES;
				CLANG_WARN_DEPRECATED_OBJC_IMPLEMENTATIONS = YES;
				CLANG_WARN_DIRECT_OBJC_ISA_USAGE = YES_ERROR;
				CLANG_WARN_DOCUMENTATION_COMMENTS = YES;
				CLANG_WARN_EMPTY_BODY = YES;
				CLANG_WARN_ENUM_CONVERSION = YES;
				CLANG_WARN_INFINITE_RECURSION = YES;
				CLANG_WARN_INT_CONVERSION = YES;
				CLANG_WARN_NON_LITERAL_NULL_CONVERSION = YES;
				CLANG_WARN_OBJC_IMPLICIT_RETAIN_SELF = YES;
				CLANG_WARN_OBJC_LITERAL_CONVERSION = YES;
				CLANG_WARN_OBJC_ROOT_CLASS = YES_ERROR;
				CLANG_WARN_QUOTED_INCLUDE_IN_FRAMEWORK_HEADER = YES;
				CLANG_WARN_RANGE_LOOP_ANALYSIS = YES;
				CLANG_WARN_STRICT_PROTOTYPES = YES;
				CLANG_WARN_SUSPICIOUS_MOVE = YES;
				CLANG_WARN_UNGUARDED_AVAILABILITY = YES_AGGRESSIVE;
				CLANG_WARN_UNREACHABLE_CODE = YES;
				CLANG_WARN__DUPLICATE_METHOD_MATCH = YES;
				COPY_PHASE_STRIP = NO;
				DEBUG_INFORMATION_FORMAT = "dwarf-with-dsym";
				ENABLE_NS_ASSERTIONS = NO;
				ENABLE_STRICT_OBJC_MSGSEND = YES;
				GCC_C_LANGUAGE_STANDARD = gnu11;
				GCC_NO_COMMON_BLOCKS = YES;
				GCC_WARN_64_TO_32_BIT_CONVERSION = YES;
				GCC_WARN_ABOUT_RETURN_TYPE = YES_ERROR;
				GCC_WARN_UNDECLARED_SELECTOR = YES;
				GCC_WARN_UNINITIALIZED_AUTOS = YES_AGGRESSIVE;
				GCC_WARN_UNUSED_FUNCTION = YES;
				GCC_WARN_UNUSED_VARIABLE = YES;
				IPHONEOS_DEPLOYMENT_TARGET = 13.0;
				MTL_ENABLE_DEBUG_INFO = NO;
				MTL_FAST_MATH = YES;
				SDKROOT = iphoneos;
				SWIFT_COMPILATION_MODE = wholemodule;
				SWIFT_OPTIMIZATION_LEVEL = "-O";
				VALIDATE_PRODUCT = YES;
			};
			name = Release;
		};
		69FFAF9122A99F1200801F3C /* Debug */ = {
			isa = XCBuildConfiguration;
			buildSettings = {
				ALWAYS_EMBED_SWIFT_STANDARD_LIBRARIES = NO;
				ASSETCATALOG_COMPILER_APPICON_NAME = AppIcon;
				CODE_SIGN_ENTITLEMENTS = MovieSwift/MovieSwift.entitlements;
				CODE_SIGN_IDENTITY = "Apple Development";
				"CODE_SIGN_IDENTITY[sdk=macosx*]" = "Apple Development";
				CODE_SIGN_STYLE = Automatic;
				CURRENT_PROJECT_VERSION = 1400;
				DERIVE_UIKITFORMAC_PRODUCT_BUNDLE_IDENTIFIER = NO;
				DEVELOPMENT_ASSET_PATHS = "MovieSwift/Preview\\ Content";
				DEVELOPMENT_TEAM = Z6P74P6T99;
				ENABLE_PREVIEWS = YES;
				INFOPLIST_FILE = MovieSwift/Info.plist;
				IPHONEOS_DEPLOYMENT_TARGET = 15.0;
				"IPHONEOS_DEPLOYMENT_TARGET[sdk=macosx*]" = 14.2;
				LD_RUNPATH_SEARCH_PATHS = (
					"$(inherited)",
					"@executable_path/Frameworks",
				);
				MARKETING_VERSION = 0.7;
				PRODUCT_BUNDLE_IDENTIFIER = "com.thomasricouard.film-o-matic";
				"PRODUCT_BUNDLE_IDENTIFIER[sdk=macosx*]" = "maccatalyst.com.thomasricouard.film-o-matic";
				PRODUCT_NAME = "$(TARGET_NAME)";
				PROVISIONING_PROFILE_SPECIFIER = "";
				"PROVISIONING_PROFILE_SPECIFIER[sdk=macosx*]" = "";
				SUPPORTS_UIKITFORMAC = YES;
				SWIFT_OBJC_BRIDGING_HEADER = "MovieSwift/MovieSwift-Bridging-Header.h";
				SWIFT_VERSION = 5.0;
				TARGETED_DEVICE_FAMILY = "1,2,6";
			};
			name = Debug;
		};
		69FFAF9222A99F1200801F3C /* Release */ = {
			isa = XCBuildConfiguration;
			buildSettings = {
				ALWAYS_EMBED_SWIFT_STANDARD_LIBRARIES = NO;
				ASSETCATALOG_COMPILER_APPICON_NAME = AppIcon;
				CODE_SIGN_ENTITLEMENTS = MovieSwift/MovieSwift.entitlements;
				CODE_SIGN_IDENTITY = "Apple Development";
				"CODE_SIGN_IDENTITY[sdk=macosx*]" = "Apple Development";
				CODE_SIGN_STYLE = Automatic;
				CURRENT_PROJECT_VERSION = 1400;
				DERIVE_UIKITFORMAC_PRODUCT_BUNDLE_IDENTIFIER = NO;
				DEVELOPMENT_ASSET_PATHS = "MovieSwift/Preview\\ Content";
				DEVELOPMENT_TEAM = Z6P74P6T99;
				ENABLE_PREVIEWS = YES;
				INFOPLIST_FILE = MovieSwift/Info.plist;
				IPHONEOS_DEPLOYMENT_TARGET = 15.0;
				"IPHONEOS_DEPLOYMENT_TARGET[sdk=macosx*]" = 14.2;
				LD_RUNPATH_SEARCH_PATHS = (
					"$(inherited)",
					"@executable_path/Frameworks",
				);
				MARKETING_VERSION = 0.7;
				PRODUCT_BUNDLE_IDENTIFIER = "com.thomasricouard.film-o-matic";
				"PRODUCT_BUNDLE_IDENTIFIER[sdk=macosx*]" = "maccatalyst.com.thomasricouard.film-o-matic";
				PRODUCT_NAME = "$(TARGET_NAME)";
				PROVISIONING_PROFILE_SPECIFIER = "";
				"PROVISIONING_PROFILE_SPECIFIER[sdk=macosx*]" = "";
				SUPPORTS_UIKITFORMAC = YES;
				SWIFT_OBJC_BRIDGING_HEADER = "MovieSwift/MovieSwift-Bridging-Header.h";
				SWIFT_VERSION = 5.0;
				TARGETED_DEVICE_FAMILY = "1,2,6";
			};
			name = Release;
		};
/* End XCBuildConfiguration section */

/* Begin XCConfigurationList section */
		69414A1D23C33FC10056FBDF /* Build configuration list for PBXNativeTarget "MovieSwiftTV" */ = {
			isa = XCConfigurationList;
			buildConfigurations = (
				69414A1B23C33FC10056FBDF /* Debug */,
				69414A1C23C33FC10056FBDF /* Release */,
			);
			defaultConfigurationIsVisible = 0;
			defaultConfigurationName = Release;
		};
		69FFAF7722A99F1100801F3C /* Build configuration list for PBXProject "MovieSwift" */ = {
			isa = XCConfigurationList;
			buildConfigurations = (
				69FFAF8E22A99F1200801F3C /* Debug */,
				69FFAF8F22A99F1200801F3C /* Release */,
			);
			defaultConfigurationIsVisible = 0;
			defaultConfigurationName = Release;
		};
		69FFAF9022A99F1200801F3C /* Build configuration list for PBXNativeTarget "MovieSwift" */ = {
			isa = XCConfigurationList;
			buildConfigurations = (
				69FFAF9122A99F1200801F3C /* Debug */,
				69FFAF9222A99F1200801F3C /* Release */,
			);
			defaultConfigurationIsVisible = 0;
			defaultConfigurationName = Release;
		};
/* End XCConfigurationList section */

/* Begin XCRemoteSwiftPackageReference section */
		69FB7D7922E7957200C55F01 /* XCRemoteSwiftPackageReference "SwiftUIFlux" */ = {
			isa = XCRemoteSwiftPackageReference;
			repositoryURL = "https://github.com/Dimillian/SwiftUIFlux.git";
			requirement = {
				kind = upToNextMajorVersion;
				minimumVersion = 0.5.1;
			};
		};
/* End XCRemoteSwiftPackageReference section */

/* Begin XCSwiftPackageProductDependency section */
		69414A3F23C35C1D0056FBDF /* SwiftUIFlux */ = {
			isa = XCSwiftPackageProductDependency;
			package = 69FB7D7922E7957200C55F01 /* XCRemoteSwiftPackageReference "SwiftUIFlux" */;
			productName = SwiftUIFlux;
		};
		69D3320F23ED608400C8A20C /* Backend */ = {
			isa = XCSwiftPackageProductDependency;
			productName = Backend;
		};
		69D3321123ED608400C8A20C /* UI */ = {
			isa = XCSwiftPackageProductDependency;
			productName = UI;
		};
		69FB7D7A22E7957200C55F01 /* SwiftUIFlux */ = {
			isa = XCSwiftPackageProductDependency;
			package = 69FB7D7922E7957200C55F01 /* XCRemoteSwiftPackageReference "SwiftUIFlux" */;
			productName = SwiftUIFlux;
		};
/* End XCSwiftPackageProductDependency section */
	};
	rootObject = 69FFAF7422A99F1100801F3C /* Project object */;
}
